
Microsoft Visual Studio Solution File, Format Version 12.00
# Visual Studio Version 17
VisualStudioVersion = 17.7.34031.279
MinimumVisualStudioVersion = 10.0.40219.1
Project("{8BC9CEB8-8B4A-11D0-8D11-00A0C91BC942}") = "lab6(2)", "lab6(2)\lab6(2).vcxproj", "{D327750B-B984-42D8-BB24-D825DDDB4F3C}"
EndProject
Global
	GlobalSection(SolutionConfigurationPlatforms) = preSolution
		Debug|x64 = Debug|x64
		Debug|x86 = Debug|x86
		Release|x64 = Release|x64
		Release|x86 = Release|x86
	EndGlobalSection
	GlobalSection(ProjectConfigurationPlatforms) = postSolution
		{D327750B-B984-42D8-BB24-D825DDDB4F3C}.Debug|x64.ActiveCfg = Debug|x64
		{D327750B-B984-42D8-BB24-D825DDDB4F3C}.Debug|x64.Build.0 = Debug|x64
		{D327750B-B984-42D8-BB24-D825DDDB4F3C}.Debug|x86.ActiveCfg = Debug|Win32
		{D327750B-B984-42D8-BB24-D825DDDB4F3C}.Debug|x86.Build.0 = Debug|Win32
		{D327750B-B984-42D8-BB24-D825DDDB4F3C}.Release|x64.ActiveCfg = Release|x64
		{D327750B-B984-42D8-BB24-D825DDDB4F3C}.Release|x64.Build.0 = Release|x64
		{D327750B-B984-42D8-BB24-D825DDDB4F3C}.Release|x86.ActiveCfg = Release|Win32
		{D327750B-B984-42D8-BB24-D825DDDB4F3C}.Release|x86.Build.0 = Release|Win32
	EndGlobalSection
	GlobalSection(SolutionProperties) = preSolution
		HideSolutionNode = FALSE
	EndGlobalSection
	GlobalSection(ExtensibilityGlobals) = postSolution
		SolutionGuid = {6D097B6D-8538-4287-A226-DA138829EFDA}
	EndGlobalSection
EndGlobal
